
Microsoft Visual Studio Solution File, Format Version 12.00
# Visual Studio Version 17
VisualStudioVersion = 17.10.35027.167
MinimumVisualStudioVersion = 10.0.40219.1
Project("{FAE04EC0-301F-11D3-BF4B-00C04F79EFBC}") = "Quiz4", "Quiz4\Quiz4.csproj", "{589C6B33-3D84-429F-9D58-09D9E173C9E8}"
EndProject
Global
	GlobalSection(SolutionConfigurationPlatforms) = preSolution
		Debug|Any CPU = Debug|Any CPU
		Release|Any CPU = Release|Any CPU
	EndGlobalSection
	GlobalSection(ProjectConfigurationPlatforms) = postSolution
		{589C6B33-3D84-429F-9D58-09D9E173C9E8}.Debug|Any CPU.ActiveCfg = Debug|Any CPU
		{589C6B33-3D84-429F-9D58-09D9E173C9E8}.Debug|Any CPU.Build.0 = Debug|Any CPU
		{589C6B33-3D84-429F-9D58-09D9E173C9E8}.Release|Any CPU.ActiveCfg = Release|Any CPU
		{589C6B33-3D84-429F-9D58-09D9E173C9E8}.Release|Any CPU.Build.0 = Release|Any CPU
	EndGlobalSection
	GlobalSection(SolutionProperties) = preSolution
		HideSolutionNode = FALSE
	EndGlobalSection
	GlobalSection(ExtensibilityGlobals) = postSolution
		SolutionGuid = {951132DE-2791-4C13-9E14-D030D9A7FB08}
	EndGlobalSection
EndGlobal
